
Microsoft Visual Studio Solution File, Format Version 12.00
# Visual Studio Version 16
VisualStudioVersion = 16.0.30503.244
MinimumVisualStudioVersion = 10.0.40219.1
Project("{FAE04EC0-301F-11D3-BF4B-00C04F79EFBC}") = "MyBookLibrary", "MyBookLibrary\MyBookLibrary.csproj", "{0F5F9FFB-0F48-4404-BEF0-74E08A68D335}"
EndProject
Project("{FAE04EC0-301F-11D3-BF4B-00C04F79EFBC}") = "MainConsole", "MainConsole\MainConsole.csproj", "{1B66009C-A6C1-403D-92EC-AE544C8A0DD3}"
EndProject
Global
	GlobalSection(SolutionConfigurationPlatforms) = preSolution
		Debug|Any CPU = Debug|Any CPU
		Release|Any CPU = Release|Any CPU
	EndGlobalSection
	GlobalSection(ProjectConfigurationPlatforms) = postSolution
		{0F5F9FFB-0F48-4404-BEF0-74E08A68D335}.Debug|Any CPU.ActiveCfg = Debug|Any CPU
		{0F5F9FFB-0F48-4404-BEF0-74E08A68D335}.Debug|Any CPU.Build.0 = Debug|Any CPU
		{0F5F9FFB-0F48-4404-BEF0-74E08A68D335}.Release|Any CPU.ActiveCfg = Release|Any CPU
		{0F5F9FFB-0F48-4404-BEF0-74E08A68D335}.Release|Any CPU.Build.0 = Release|Any CPU
		{1B66009C-A6C1-403D-92EC-AE544C8A0DD3}.Debug|Any CPU.ActiveCfg = Debug|Any CPU
		{1B66009C-A6C1-403D-92EC-AE544C8A0DD3}.Debug|Any CPU.Build.0 = Debug|Any CPU
		{1B66009C-A6C1-403D-92EC-AE544C8A0DD3}.Release|Any CPU.ActiveCfg = Release|Any CPU
		{1B66009C-A6C1-403D-92EC-AE544C8A0DD3}.Release|Any CPU.Build.0 = Release|Any CPU
	EndGlobalSection
	GlobalSection(SolutionProperties) = preSolution
		HideSolutionNode = FALSE
	EndGlobalSection
	GlobalSection(ExtensibilityGlobals) = postSolution
		SolutionGuid = {AF7FB0E9-B9F6-48CD-8C0A-3C2A29EE842A}
	EndGlobalSection
EndGlobal
