
Microsoft Visual Studio Solution File, Format Version 12.00
# Visual Studio Version 16
VisualStudioVersion = 16.0.30503.244
MinimumVisualStudioVersion = 10.0.40219.1
Project("{FAE04EC0-301F-11D3-BF4B-00C04F79EFBC}") = "DemoWinForm", "DemoWinForm\DemoWinForm.csproj", "{5D023E69-2A28-4F68-BD84-C014BB7DEBF6}"
EndProject
Global
	GlobalSection(SolutionConfigurationPlatforms) = preSolution
		Debug|Any CPU = Debug|Any CPU
		Release|Any CPU = Release|Any CPU
	EndGlobalSection
	GlobalSection(ProjectConfigurationPlatforms) = postSolution
		{5D023E69-2A28-4F68-BD84-C014BB7DEBF6}.Debug|Any CPU.ActiveCfg = Debug|Any CPU
		{5D023E69-2A28-4F68-BD84-C014BB7DEBF6}.Debug|Any CPU.Build.0 = Debug|Any CPU
		{5D023E69-2A28-4F68-BD84-C014BB7DEBF6}.Release|Any CPU.ActiveCfg = Release|Any CPU
		{5D023E69-2A28-4F68-BD84-C014BB7DEBF6}.Release|Any CPU.Build.0 = Release|Any CPU
	EndGlobalSection
	GlobalSection(SolutionProperties) = preSolution
		HideSolutionNode = FALSE
	EndGlobalSection
	GlobalSection(ExtensibilityGlobals) = postSolution
		SolutionGuid = {574643C2-2400-48FD-9C4F-161E3A2CBC63}
	EndGlobalSection
EndGlobal
