
Microsoft Visual Studio Solution File, Format Version 12.00
# Visual Studio Version 16
VisualStudioVersion = 16.0.30503.244
MinimumVisualStudioVersion = 10.0.40219.1
Project("{FAE04EC0-301F-11D3-BF4B-00C04F79EFBC}") = "DemoADO.NET", "DemoADO.NET\DemoADO.NET.csproj", "{15D18F74-DF30-4F08-B609-B32A5291C9D6}"
EndProject
Global
	GlobalSection(SolutionConfigurationPlatforms) = preSolution
		Debug|Any CPU = Debug|Any CPU
		Release|Any CPU = Release|Any CPU
	EndGlobalSection
	GlobalSection(ProjectConfigurationPlatforms) = postSolution
		{15D18F74-DF30-4F08-B609-B32A5291C9D6}.Debug|Any CPU.ActiveCfg = Debug|Any CPU
		{15D18F74-DF30-4F08-B609-B32A5291C9D6}.Debug|Any CPU.Build.0 = Debug|Any CPU
		{15D18F74-DF30-4F08-B609-B32A5291C9D6}.Release|Any CPU.ActiveCfg = Release|Any CPU
		{15D18F74-DF30-4F08-B609-B32A5291C9D6}.Release|Any CPU.Build.0 = Release|Any CPU
	EndGlobalSection
	GlobalSection(SolutionProperties) = preSolution
		HideSolutionNode = FALSE
	EndGlobalSection
	GlobalSection(ExtensibilityGlobals) = postSolution
		SolutionGuid = {1637E851-B41D-4350-AAE3-3D26C25ADC87}
	EndGlobalSection
EndGlobal
