
Microsoft Visual Studio Solution File, Format Version 12.00
# Visual Studio Version 16
VisualStudioVersion = 16.0.30503.244
MinimumVisualStudioVersion = 10.0.40219.1
Project("{FAE04EC0-301F-11D3-BF4B-00C04F79EFBC}") = "LABWinform1", "LABWinform1\LABWinform1.csproj", "{0CB09561-24AE-42FC-A7FC-B914497E18FD}"
EndProject
Global
	GlobalSection(SolutionConfigurationPlatforms) = preSolution
		Debug|Any CPU = Debug|Any CPU
		Release|Any CPU = Release|Any CPU
	EndGlobalSection
	GlobalSection(ProjectConfigurationPlatforms) = postSolution
		{0CB09561-24AE-42FC-A7FC-B914497E18FD}.Debug|Any CPU.ActiveCfg = Debug|Any CPU
		{0CB09561-24AE-42FC-A7FC-B914497E18FD}.Debug|Any CPU.Build.0 = Debug|Any CPU
		{0CB09561-24AE-42FC-A7FC-B914497E18FD}.Release|Any CPU.ActiveCfg = Release|Any CPU
		{0CB09561-24AE-42FC-A7FC-B914497E18FD}.Release|Any CPU.Build.0 = Release|Any CPU
	EndGlobalSection
	GlobalSection(SolutionProperties) = preSolution
		HideSolutionNode = FALSE
	EndGlobalSection
	GlobalSection(ExtensibilityGlobals) = postSolution
		SolutionGuid = {73B7F743-B785-4203-8C8A-F80B92761141}
	EndGlobalSection
EndGlobal
