
Microsoft Visual Studio Solution File, Format Version 12.00
# Visual Studio Version 16
VisualStudioVersion = 16.0.30503.244
MinimumVisualStudioVersion = 10.0.40219.1
Project("{FAE04EC0-301F-11D3-BF4B-00C04F79EFBC}") = "MyApp", "MyApp\MyApp.csproj", "{69898F25-EDC5-48C9-839C-07CF51981634}"
EndProject
Project("{FAE04EC0-301F-11D3-BF4B-00C04F79EFBC}") = "SampleOOP", "SampleOOP\SampleOOP.csproj", "{F8E04416-F2C1-4396-ADC0-1495AC7F59C1}"
EndProject
Project("{FAE04EC0-301F-11D3-BF4B-00C04F79EFBC}") = "DemoDelegate", "DemoDelegate\DemoDelegate.csproj", "{4417CD42-1B82-4F07-A254-53A117874978}"
EndProject
Project("{FAE04EC0-301F-11D3-BF4B-00C04F79EFBC}") = "DemoEvent", "DemoEvent\DemoEvent.csproj", "{6E1FE470-19AC-4BAF-8162-DB99D20C79E2}"
EndProject
Project("{FAE04EC0-301F-11D3-BF4B-00C04F79EFBC}") = "DemoFile", "ConsoleApp1\DemoFile.csproj", "{84C2613F-C97F-44CE-8956-C79E1EB5885F}"
EndProject
Project("{FAE04EC0-301F-11D3-BF4B-00C04F79EFBC}") = "DemoWriteRead", "DemoWriteRead\DemoWriteRead.csproj", "{07C13F3C-F8D0-4A03-AEE8-20F93A9E416D}"
EndProject
Project("{FAE04EC0-301F-11D3-BF4B-00C04F79EFBC}") = "DemoBinaryFile", "DemoBinaryFile\DemoBinaryFile.csproj", "{37E81DF2-79F9-4057-A36D-0E192FFA4F07}"
EndProject
Global
	GlobalSection(SolutionConfigurationPlatforms) = preSolution
		Debug|Any CPU = Debug|Any CPU
		Release|Any CPU = Release|Any CPU
	EndGlobalSection
	GlobalSection(ProjectConfigurationPlatforms) = postSolution
		{69898F25-EDC5-48C9-839C-07CF51981634}.Debug|Any CPU.ActiveCfg = Debug|Any CPU
		{69898F25-EDC5-48C9-839C-07CF51981634}.Debug|Any CPU.Build.0 = Debug|Any CPU
		{69898F25-EDC5-48C9-839C-07CF51981634}.Release|Any CPU.ActiveCfg = Release|Any CPU
		{69898F25-EDC5-48C9-839C-07CF51981634}.Release|Any CPU.Build.0 = Release|Any CPU
		{F8E04416-F2C1-4396-ADC0-1495AC7F59C1}.Debug|Any CPU.ActiveCfg = Debug|Any CPU
		{F8E04416-F2C1-4396-ADC0-1495AC7F59C1}.Debug|Any CPU.Build.0 = Debug|Any CPU
		{F8E04416-F2C1-4396-ADC0-1495AC7F59C1}.Release|Any CPU.ActiveCfg = Release|Any CPU
		{F8E04416-F2C1-4396-ADC0-1495AC7F59C1}.Release|Any CPU.Build.0 = Release|Any CPU
		{4417CD42-1B82-4F07-A254-53A117874978}.Debug|Any CPU.ActiveCfg = Debug|Any CPU
		{4417CD42-1B82-4F07-A254-53A117874978}.Debug|Any CPU.Build.0 = Debug|Any CPU
		{4417CD42-1B82-4F07-A254-53A117874978}.Release|Any CPU.ActiveCfg = Release|Any CPU
		{4417CD42-1B82-4F07-A254-53A117874978}.Release|Any CPU.Build.0 = Release|Any CPU
		{6E1FE470-19AC-4BAF-8162-DB99D20C79E2}.Debug|Any CPU.ActiveCfg = Debug|Any CPU
		{6E1FE470-19AC-4BAF-8162-DB99D20C79E2}.Debug|Any CPU.Build.0 = Debug|Any CPU
		{6E1FE470-19AC-4BAF-8162-DB99D20C79E2}.Release|Any CPU.ActiveCfg = Release|Any CPU
		{6E1FE470-19AC-4BAF-8162-DB99D20C79E2}.Release|Any CPU.Build.0 = Release|Any CPU
		{84C2613F-C97F-44CE-8956-C79E1EB5885F}.Debug|Any CPU.ActiveCfg = Debug|Any CPU
		{84C2613F-C97F-44CE-8956-C79E1EB5885F}.Debug|Any CPU.Build.0 = Debug|Any CPU
		{84C2613F-C97F-44CE-8956-C79E1EB5885F}.Release|Any CPU.ActiveCfg = Release|Any CPU
		{84C2613F-C97F-44CE-8956-C79E1EB5885F}.Release|Any CPU.Build.0 = Release|Any CPU
		{07C13F3C-F8D0-4A03-AEE8-20F93A9E416D}.Debug|Any CPU.ActiveCfg = Debug|Any CPU
		{07C13F3C-F8D0-4A03-AEE8-20F93A9E416D}.Debug|Any CPU.Build.0 = Debug|Any CPU
		{07C13F3C-F8D0-4A03-AEE8-20F93A9E416D}.Release|Any CPU.ActiveCfg = Release|Any CPU
		{07C13F3C-F8D0-4A03-AEE8-20F93A9E416D}.Release|Any CPU.Build.0 = Release|Any CPU
		{37E81DF2-79F9-4057-A36D-0E192FFA4F07}.Debug|Any CPU.ActiveCfg = Debug|Any CPU
		{37E81DF2-79F9-4057-A36D-0E192FFA4F07}.Debug|Any CPU.Build.0 = Debug|Any CPU
		{37E81DF2-79F9-4057-A36D-0E192FFA4F07}.Release|Any CPU.ActiveCfg = Release|Any CPU
		{37E81DF2-79F9-4057-A36D-0E192FFA4F07}.Release|Any CPU.Build.0 = Release|Any CPU
	EndGlobalSection
	GlobalSection(SolutionProperties) = preSolution
		HideSolutionNode = FALSE
	EndGlobalSection
	GlobalSection(ExtensibilityGlobals) = postSolution
		SolutionGuid = {3059C2DF-CBDC-4B34-A064-B5F7729839C5}
	EndGlobalSection
EndGlobal
