
Microsoft Visual Studio Solution File, Format Version 12.00
# Visual Studio Version 16
VisualStudioVersion = 16.0.30503.244
MinimumVisualStudioVersion = 10.0.40219.1
Project("{FAE04EC0-301F-11D3-BF4B-00C04F79EFBC}") = "DemoTextBox", "DemoTextBox\DemoTextBox.csproj", "{5B379ED2-80F8-4A4F-AAEE-5271C89FA75A}"
EndProject
Project("{FAE04EC0-301F-11D3-BF4B-00C04F79EFBC}") = "DemoBigger", "DemoBigger\DemoBigger.csproj", "{9610A76E-4AE9-4CF1-8AB3-A49A23381712}"
EndProject
Global
	GlobalSection(SolutionConfigurationPlatforms) = preSolution
		Debug|Any CPU = Debug|Any CPU
		Release|Any CPU = Release|Any CPU
	EndGlobalSection
	GlobalSection(ProjectConfigurationPlatforms) = postSolution
		{5B379ED2-80F8-4A4F-AAEE-5271C89FA75A}.Debug|Any CPU.ActiveCfg = Debug|Any CPU
		{5B379ED2-80F8-4A4F-AAEE-5271C89FA75A}.Debug|Any CPU.Build.0 = Debug|Any CPU
		{5B379ED2-80F8-4A4F-AAEE-5271C89FA75A}.Release|Any CPU.ActiveCfg = Release|Any CPU
		{5B379ED2-80F8-4A4F-AAEE-5271C89FA75A}.Release|Any CPU.Build.0 = Release|Any CPU
		{9610A76E-4AE9-4CF1-8AB3-A49A23381712}.Debug|Any CPU.ActiveCfg = Debug|Any CPU
		{9610A76E-4AE9-4CF1-8AB3-A49A23381712}.Debug|Any CPU.Build.0 = Debug|Any CPU
		{9610A76E-4AE9-4CF1-8AB3-A49A23381712}.Release|Any CPU.ActiveCfg = Release|Any CPU
		{9610A76E-4AE9-4CF1-8AB3-A49A23381712}.Release|Any CPU.Build.0 = Release|Any CPU
	EndGlobalSection
	GlobalSection(SolutionProperties) = preSolution
		HideSolutionNode = FALSE
	EndGlobalSection
	GlobalSection(ExtensibilityGlobals) = postSolution
		SolutionGuid = {67EB61D2-848D-4D96-A183-650616EE55DE}
	EndGlobalSection
EndGlobal
